
Microsoft Visual Studio Solution File, Format Version 12.00
# Visual Studio Version 16
VisualStudioVersion = 16.0.31702.278
MinimumVisualStudioVersion = 10.0.40219.1
Project("{9092AA53-FB77-4645-B42D-1CCCA6BD08BD}") = "TEMPLATE_APP.Frontend", "TEMPLATE_APP.Frontend\TEMPLATE_APP.Frontend.njsproj", "{1BA437DA-AAC5-4EE7-90D2-1FEA82FAC123}"
EndProject
Global
	GlobalSection(SolutionConfigurationPlatforms) = preSolution
		Debug|Any CPU = Debug|Any CPU
		Release|Any CPU = Release|Any CPU
	EndGlobalSection
	GlobalSection(ProjectConfigurationPlatforms) = postSolution
		{1BA437DA-AAC5-4EE7-90D2-1FEA82FAC123}.Debug|Any CPU.ActiveCfg = Debug|Any CPU
		{1BA437DA-AAC5-4EE7-90D2-1FEA82FAC123}.Debug|Any CPU.Build.0 = Debug|Any CPU
		{1BA437DA-AAC5-4EE7-90D2-1FEA82FAC123}.Release|Any CPU.ActiveCfg = Release|Any CPU
		{1BA437DA-AAC5-4EE7-90D2-1FEA82FAC123}.Release|Any CPU.Build.0 = Release|Any CPU
	EndGlobalSection
	GlobalSection(SolutionProperties) = preSolution
		HideSolutionNode = FALSE
	EndGlobalSection
	GlobalSection(ExtensibilityGlobals) = postSolution
		SolutionGuid = {4A20E7A4-8792-4513-8A2F-1546903B080C}
	EndGlobalSection
EndGlobal
