
Microsoft Visual Studio Solution File, Format Version 12.00
# Visual Studio Version 16
VisualStudioVersion = 16.0.31702.278
MinimumVisualStudioVersion = 10.0.40219.1
Project("{9A19103F-16F7-4668-BE54-9A1E7A4F7556}") = "TEMPLATE_APP.WebApp", "TEMPLATE_APP.WebApp\TEMPLATE_APP.WebApp.csproj", "{36D484EA-9B94-40F7-8CA9-79B537896B25}"
EndProject
Project("{2150E333-8FDC-42A3-9474-1A3956D46DE8}") = "IROFramework", "IROFramework", "{5CA0A2C3-52F7-4607-8ECA-0920BCF9D37A}"
EndProject
Project("{9A19103F-16F7-4668-BE54-9A1E7A4F7556}") = "IROFramework.Web", "..\IROFramework\IROFramework.Web\IROFramework.Web.csproj", "{0362F62C-B0C9-4687-A087-99FE34006C6D}"
EndProject
Project("{9A19103F-16F7-4668-BE54-9A1E7A4F7556}") = "IROFramework.Core", "..\IROFramework\IROFramework.Core\IROFramework.Core.csproj", "{42E96E34-0EB3-43D3-A2F5-ACEA12098A41}"
EndProject
Global
	GlobalSection(SolutionConfigurationPlatforms) = preSolution
		Debug|Any CPU = Debug|Any CPU
		Release|Any CPU = Release|Any CPU
	EndGlobalSection
	GlobalSection(ProjectConfigurationPlatforms) = postSolution
		{36D484EA-9B94-40F7-8CA9-79B537896B25}.Debug|Any CPU.ActiveCfg = Debug|Any CPU
		{36D484EA-9B94-40F7-8CA9-79B537896B25}.Debug|Any CPU.Build.0 = Debug|Any CPU
		{36D484EA-9B94-40F7-8CA9-79B537896B25}.Release|Any CPU.ActiveCfg = Release|Any CPU
		{36D484EA-9B94-40F7-8CA9-79B537896B25}.Release|Any CPU.Build.0 = Release|Any CPU
		{0362F62C-B0C9-4687-A087-99FE34006C6D}.Debug|Any CPU.ActiveCfg = Debug|Any CPU
		{0362F62C-B0C9-4687-A087-99FE34006C6D}.Debug|Any CPU.Build.0 = Debug|Any CPU
		{0362F62C-B0C9-4687-A087-99FE34006C6D}.Release|Any CPU.ActiveCfg = Release|Any CPU
		{0362F62C-B0C9-4687-A087-99FE34006C6D}.Release|Any CPU.Build.0 = Release|Any CPU
		{42E96E34-0EB3-43D3-A2F5-ACEA12098A41}.Debug|Any CPU.ActiveCfg = Debug|Any CPU
		{42E96E34-0EB3-43D3-A2F5-ACEA12098A41}.Debug|Any CPU.Build.0 = Debug|Any CPU
		{42E96E34-0EB3-43D3-A2F5-ACEA12098A41}.Release|Any CPU.ActiveCfg = Release|Any CPU
		{42E96E34-0EB3-43D3-A2F5-ACEA12098A41}.Release|Any CPU.Build.0 = Release|Any CPU
		{E7295D8E-83B6-43DF-AA6A-C93EF8B677EC}.Debug|Any CPU.ActiveCfg = Debug|Any CPU
		{E7295D8E-83B6-43DF-AA6A-C93EF8B677EC}.Debug|Any CPU.Build.0 = Debug|Any CPU
		{E7295D8E-83B6-43DF-AA6A-C93EF8B677EC}.Release|Any CPU.ActiveCfg = Release|Any CPU
		{E7295D8E-83B6-43DF-AA6A-C93EF8B677EC}.Release|Any CPU.Build.0 = Release|Any CPU
		{2A04D893-713D-44FB-BF18-165B202A733C}.Debug|Any CPU.ActiveCfg = Debug|Any CPU
		{2A04D893-713D-44FB-BF18-165B202A733C}.Debug|Any CPU.Build.0 = Debug|Any CPU
		{2A04D893-713D-44FB-BF18-165B202A733C}.Release|Any CPU.ActiveCfg = Release|Any CPU
		{2A04D893-713D-44FB-BF18-165B202A733C}.Release|Any CPU.Build.0 = Release|Any CPU
		{1BA437DA-AAC5-4EE7-90D2-1FEA82FAC123}.Debug|Any CPU.ActiveCfg = Debug|Any CPU
		{1BA437DA-AAC5-4EE7-90D2-1FEA82FAC123}.Debug|Any CPU.Build.0 = Debug|Any CPU
		{1BA437DA-AAC5-4EE7-90D2-1FEA82FAC123}.Release|Any CPU.ActiveCfg = Release|Any CPU
		{1BA437DA-AAC5-4EE7-90D2-1FEA82FAC123}.Release|Any CPU.Build.0 = Release|Any CPU
	EndGlobalSection
	GlobalSection(SolutionProperties) = preSolution
		HideSolutionNode = FALSE
	EndGlobalSection
	GlobalSection(NestedProjects) = preSolution
		{36D484EA-9B94-40F7-8CA9-79B537896B25} = {820DB981-9FFA-484C-8D59-A910D3BDD666}
		{0362F62C-B0C9-4687-A087-99FE34006C6D} = {5CA0A2C3-52F7-4607-8ECA-0920BCF9D37A}
		{42E96E34-0EB3-43D3-A2F5-ACEA12098A41} = {5CA0A2C3-52F7-4607-8ECA-0920BCF9D37A}
		{E7295D8E-83B6-43DF-AA6A-C93EF8B677EC} = {5CA0A2C3-52F7-4607-8ECA-0920BCF9D37A}
		{2A04D893-713D-44FB-BF18-165B202A733C} = {820DB981-9FFA-484C-8D59-A910D3BDD666}
		{1BA437DA-AAC5-4EE7-90D2-1FEA82FAC123} = {820DB981-9FFA-484C-8D59-A910D3BDD666}
	EndGlobalSection
	GlobalSection(ExtensibilityGlobals) = postSolution
		SolutionGuid = {4A20E7A4-8792-4513-8A2F-1546903B080C}
	EndGlobalSection
EndGlobal
